
Microsoft Visual Studio Solution File, Format Version 12.00
# Visual Studio 15
VisualStudioVersion = 15.0.28307.572
MinimumVisualStudioVersion = 10.0.40219.1
Project("{E24C65DC-7377-472B-9ABA-BC803B73C61A}") = "Disable_helper", "Disable_helper\", "{EFC736B5-B6F5-421F-9F05-D79C9E87FFFB}"
	ProjectSection(WebsiteProperties) = preProject
		TargetFrameworkMoniker = ".NETFramework,Version%3Dv4.0"
		Debug.AspNetCompiler.VirtualPath = "/localhost_53008"
		Debug.AspNetCompiler.PhysicalPath = "Disable_helper\"
		Debug.AspNetCompiler.TargetPath = "PrecompiledWeb\localhost_53008\"
		Debug.AspNetCompiler.Updateable = "true"
		Debug.AspNetCompiler.ForceOverwrite = "true"
		Debug.AspNetCompiler.FixedNames = "false"
		Debug.AspNetCompiler.Debug = "True"
		Release.AspNetCompiler.VirtualPath = "/localhost_53008"
		Release.AspNetCompiler.PhysicalPath = "Disable_helper\"
		Release.AspNetCompiler.TargetPath = "PrecompiledWeb\localhost_53008\"
		Release.AspNetCompiler.Updateable = "true"
		Release.AspNetCompiler.ForceOverwrite = "true"
		Release.AspNetCompiler.FixedNames = "false"
		Release.AspNetCompiler.Debug = "False"
		VWDPort = "53008"
		DefaultWebSiteLanguage = "Visual C#"
	EndProjectSection
EndProject
Global
	GlobalSection(SolutionConfigurationPlatforms) = preSolution
		Debug|Any CPU = Debug|Any CPU
	EndGlobalSection
	GlobalSection(ProjectConfigurationPlatforms) = postSolution
		{EFC736B5-B6F5-421F-9F05-D79C9E87FFFB}.Debug|Any CPU.ActiveCfg = Debug|Any CPU
		{EFC736B5-B6F5-421F-9F05-D79C9E87FFFB}.Debug|Any CPU.Build.0 = Debug|Any CPU
	EndGlobalSection
	GlobalSection(SolutionProperties) = preSolution
		HideSolutionNode = FALSE
	EndGlobalSection
	GlobalSection(ExtensibilityGlobals) = postSolution
		SolutionGuid = {3173705D-FB40-4FD6-B927-8EF13205AFFB}
	EndGlobalSection
EndGlobal
